
Microsoft Visual Studio Solution File, Format Version 12.00
# Visual Studio Version 17
VisualStudioVersion = 17.10.35122.118
MinimumVisualStudioVersion = 10.0.40219.1
Project("{2150E333-8FDC-42A3-9474-1A3956D46DE8}") = "src", "src", "{20A31B18-9D1E-46EB-B421-8BF08B7D6320}"
EndProject
Project("{2150E333-8FDC-42A3-9474-1A3956D46DE8}") = "tests", "tests", "{836DC65E-1C0B-4FEE-9EFF-9E19BC9998B4}"
EndProject
Project("{FAE04EC0-301F-11D3-BF4B-00C04F79EFBC}") = "EFCoreDemo.SharedKernel", "src\EFCoreDemo.SharedKernel\EFCoreDemo.SharedKernel.csproj", "{443E2375-899F-423A-9D91-77A6A0533EFC}"
EndProject
Project("{FAE04EC0-301F-11D3-BF4B-00C04F79EFBC}") = "EFCoreDemo.Domain", "src\EFCoreDemo.Domain\EFCoreDemo.Domain.csproj", "{39B8B0CC-CD3A-4292-B89A-F37044D6B94C}"
EndProject
Project("{FAE04EC0-301F-11D3-BF4B-00C04F79EFBC}") = "EFCoreDemo.Application", "src\EFCoreDemo.Application\EFCoreDemo.Application.csproj", "{2B9175DE-CEF3-42E2-AE86-BEE16C33A5D7}"
EndProject
Project("{FAE04EC0-301F-11D3-BF4B-00C04F79EFBC}") = "EFCoreDemo.Infrastructure", "src\EFCoreDemo.Infrastructure\EFCoreDemo.Infrastructure.csproj", "{7C03A716-E135-41CB-9A17-FCC7800BE260}"
EndProject
Project("{FAE04EC0-301F-11D3-BF4B-00C04F79EFBC}") = "EFCoreDemo.Persistence", "src\EFCoreDemo.Persistence\EFCoreDemo.Persistence.csproj", "{E1890754-981A-4EDF-BE9A-47C7DB5AA12A}"
EndProject
Project("{FAE04EC0-301F-11D3-BF4B-00C04F79EFBC}") = "EFCoreDemo.WebApi", "src\EFCoreDemo.WebApi\EFCoreDemo.WebApi.csproj", "{88ACD84B-32D5-4B89-B7C7-88CCB2D9F294}"
EndProject
Project("{E53339B2-1760-4266-BCC7-CA923CBCF16C}") = "docker-compose", "docker-compose.dcproj", "{75422CD1-E515-43E0-8C45-6D4417BC4B0F}"
EndProject
Global
	GlobalSection(SolutionConfigurationPlatforms) = preSolution
		Debug|Any CPU = Debug|Any CPU
		Release|Any CPU = Release|Any CPU
	EndGlobalSection
	GlobalSection(ProjectConfigurationPlatforms) = postSolution
		{443E2375-899F-423A-9D91-77A6A0533EFC}.Debug|Any CPU.ActiveCfg = Debug|Any CPU
		{443E2375-899F-423A-9D91-77A6A0533EFC}.Debug|Any CPU.Build.0 = Debug|Any CPU
		{443E2375-899F-423A-9D91-77A6A0533EFC}.Release|Any CPU.ActiveCfg = Release|Any CPU
		{443E2375-899F-423A-9D91-77A6A0533EFC}.Release|Any CPU.Build.0 = Release|Any CPU
		{39B8B0CC-CD3A-4292-B89A-F37044D6B94C}.Debug|Any CPU.ActiveCfg = Debug|Any CPU
		{39B8B0CC-CD3A-4292-B89A-F37044D6B94C}.Debug|Any CPU.Build.0 = Debug|Any CPU
		{39B8B0CC-CD3A-4292-B89A-F37044D6B94C}.Release|Any CPU.ActiveCfg = Release|Any CPU
		{39B8B0CC-CD3A-4292-B89A-F37044D6B94C}.Release|Any CPU.Build.0 = Release|Any CPU
		{2B9175DE-CEF3-42E2-AE86-BEE16C33A5D7}.Debug|Any CPU.ActiveCfg = Debug|Any CPU
		{2B9175DE-CEF3-42E2-AE86-BEE16C33A5D7}.Debug|Any CPU.Build.0 = Debug|Any CPU
		{2B9175DE-CEF3-42E2-AE86-BEE16C33A5D7}.Release|Any CPU.ActiveCfg = Release|Any CPU
		{2B9175DE-CEF3-42E2-AE86-BEE16C33A5D7}.Release|Any CPU.Build.0 = Release|Any CPU
		{7C03A716-E135-41CB-9A17-FCC7800BE260}.Debug|Any CPU.ActiveCfg = Debug|Any CPU
		{7C03A716-E135-41CB-9A17-FCC7800BE260}.Debug|Any CPU.Build.0 = Debug|Any CPU
		{7C03A716-E135-41CB-9A17-FCC7800BE260}.Release|Any CPU.ActiveCfg = Release|Any CPU
		{7C03A716-E135-41CB-9A17-FCC7800BE260}.Release|Any CPU.Build.0 = Release|Any CPU
		{E1890754-981A-4EDF-BE9A-47C7DB5AA12A}.Debug|Any CPU.ActiveCfg = Debug|Any CPU
		{E1890754-981A-4EDF-BE9A-47C7DB5AA12A}.Debug|Any CPU.Build.0 = Debug|Any CPU
		{E1890754-981A-4EDF-BE9A-47C7DB5AA12A}.Release|Any CPU.ActiveCfg = Release|Any CPU
		{E1890754-981A-4EDF-BE9A-47C7DB5AA12A}.Release|Any CPU.Build.0 = Release|Any CPU
		{88ACD84B-32D5-4B89-B7C7-88CCB2D9F294}.Debug|Any CPU.ActiveCfg = Debug|Any CPU
		{88ACD84B-32D5-4B89-B7C7-88CCB2D9F294}.Debug|Any CPU.Build.0 = Debug|Any CPU
		{88ACD84B-32D5-4B89-B7C7-88CCB2D9F294}.Release|Any CPU.ActiveCfg = Release|Any CPU
		{88ACD84B-32D5-4B89-B7C7-88CCB2D9F294}.Release|Any CPU.Build.0 = Release|Any CPU
		{75422CD1-E515-43E0-8C45-6D4417BC4B0F}.Debug|Any CPU.ActiveCfg = Debug|Any CPU
		{75422CD1-E515-43E0-8C45-6D4417BC4B0F}.Debug|Any CPU.Build.0 = Debug|Any CPU
		{75422CD1-E515-43E0-8C45-6D4417BC4B0F}.Release|Any CPU.ActiveCfg = Release|Any CPU
		{75422CD1-E515-43E0-8C45-6D4417BC4B0F}.Release|Any CPU.Build.0 = Release|Any CPU
	EndGlobalSection
	GlobalSection(SolutionProperties) = preSolution
		HideSolutionNode = FALSE
	EndGlobalSection
	GlobalSection(NestedProjects) = preSolution
		{443E2375-899F-423A-9D91-77A6A0533EFC} = {20A31B18-9D1E-46EB-B421-8BF08B7D6320}
		{39B8B0CC-CD3A-4292-B89A-F37044D6B94C} = {20A31B18-9D1E-46EB-B421-8BF08B7D6320}
		{2B9175DE-CEF3-42E2-AE86-BEE16C33A5D7} = {20A31B18-9D1E-46EB-B421-8BF08B7D6320}
		{7C03A716-E135-41CB-9A17-FCC7800BE260} = {20A31B18-9D1E-46EB-B421-8BF08B7D6320}
		{E1890754-981A-4EDF-BE9A-47C7DB5AA12A} = {20A31B18-9D1E-46EB-B421-8BF08B7D6320}
		{88ACD84B-32D5-4B89-B7C7-88CCB2D9F294} = {20A31B18-9D1E-46EB-B421-8BF08B7D6320}
	EndGlobalSection
	GlobalSection(ExtensibilityGlobals) = postSolution
		SolutionGuid = {2FBA75F4-7103-4AEC-BA26-874300331518}
	EndGlobalSection
EndGlobal
